{
  "name": "unifi-cloudflare-ddns",
  "version": "2.0.0",
  "lockfileVersion": 3,
  "requires": true,
  "packages": {
    "": {
      "name": "unifi-cloudflare-ddns",
      "version": "2.0.0",
      "devDependencies": {
        "wrangler": "2.16.0"
      }
    },
    "node_modules/@cloudflare/kv-asset-handler": {
      "version": "0.2.0",
      "dev": true,
      "license": "MIT OR Apache-2.0",
      "dependencies": {
        "mime": "^3.0.0"
      }
    },
    "node_modules/@esbuild-plugins/node-globals-polyfill": {
      "version": "0.1.1",
      "dev": true,
      "license": "ISC",
      "peerDependencies": {
        "esbuild": "*"
      }
    },
    "node_modules/@esbuild-plugins/node-modules-polyfill": {
      "version": "0.1.4",
      "dev": true,
      "license": "ISC",
      "dependencies": {
        "escape-string-regexp": "^4.0.0",
        "rollup-plugin-node-polyfills": "^0.2.1"
      },
      "peerDependencies": {
        "esbuild": "*"
      }
    },
    "node_modules/@esbuild/linux-arm64": {
      "version": "0.16.3",
      "cpu": [
        "arm64"
      ],
      "dev": true,
      "license": "MIT",
      "optional": true,
      "os": [
        "linux"
      ],
      "engines": {
        "node": ">=12"
      }
    },
    "node_modules/@iarna/toml": {
      "version": "2.2.5",
      "dev": true,
      "license": "ISC"
    },
    "node_modules/@miniflare/cache": {
      "version": "2.13.0",
      "dev": true,
      "license": "MIT",
      "dependencies": {
        "@miniflare/core": "2.13.0",
        "@miniflare/shared": "2.13.0",
        "http-cache-semantics": "^4.1.0",
        "undici": "5.20.0"
      },
      "engines": {
        "node": ">=16.13"
      }
    },
    "node_modules/@miniflare/cli-parser": {
      "version": "2.13.0",
      "dev": true,
      "license": "MIT",
      "dependencies": {
        "@miniflare/shared": "2.13.0",
        "kleur": "^4.1.4"
      },
      "engines": {
        "node": ">=16.13"
      }
    },
    "node_modules/@miniflare/core": {
      "version": "2.13.0",
      "dev": true,
      "license": "MIT",
      "dependencies": {
        "@iarna/toml": "^2.2.5",
        "@miniflare/queues": "2.13.0",
        "@miniflare/shared": "2.13.0",
        "@miniflare/watcher": "2.13.0",
        "busboy": "^1.6.0",
        "dotenv": "^10.0.0",
        "kleur": "^4.1.4",
        "set-cookie-parser": "^2.4.8",
        "undici": "5.20.0",
        "urlpattern-polyfill": "^4.0.3"
      },
      "engines": {
        "node": ">=16.13"
      }
    },
    "node_modules/@miniflare/d1": {
      "version": "2.13.0",
      "dev": true,
      "license": "MIT",
      "dependencies": {
        "@miniflare/core": "2.13.0",
        "@miniflare/shared": "2.13.0"
      },
      "engines": {
        "node": ">=16.7"
      }
    },
    "node_modules/@miniflare/durable-objects": {
      "version": "2.13.0",
      "dev": true,
      "license": "MIT",
      "dependencies": {
        "@miniflare/core": "2.13.0",
        "@miniflare/shared": "2.13.0",
        "@miniflare/storage-memory": "2.13.0",
        "undici": "5.20.0"
      },
      "engines": {
        "node": ">=16.13"
      }
    },
    "node_modules/@miniflare/html-rewriter": {
      "version": "2.13.0",
      "dev": true,
      "license": "MIT",
      "dependencies": {
        "@miniflare/core": "2.13.0",
        "@miniflare/shared": "2.13.0",
        "html-rewriter-wasm": "^0.4.1",
        "undici": "5.20.0"
      },
      "engines": {
        "node": ">=16.13"
      }
    },
    "node_modules/@miniflare/http-server": {
      "version": "2.13.0",
      "dev": true,
      "license": "MIT",
      "dependencies": {
        "@miniflare/core": "2.13.0",
        "@miniflare/shared": "2.13.0",
        "@miniflare/web-sockets": "2.13.0",
        "kleur": "^4.1.4",
        "selfsigned": "^2.0.0",
        "undici": "5.20.0",
        "ws": "^8.2.2",
        "youch": "^2.2.2"
      },
      "engines": {
        "node": ">=16.13"
      }
    },
    "node_modules/@miniflare/kv": {
      "version": "2.13.0",
      "dev": true,
      "license": "MIT",
      "dependencies": {
        "@miniflare/shared": "2.13.0"
      },
      "engines": {
        "node": ">=16.13"
      }
    },
    "node_modules/@miniflare/queues": {
      "version": "2.13.0",
      "dev": true,
      "license": "MIT",
      "dependencies": {
        "@miniflare/shared": "2.13.0"
      },
      "engines": {
        "node": ">=16.7"
      }
    },
    "node_modules/@miniflare/r2": {
      "version": "2.13.0",
      "dev": true,
      "license": "MIT",
      "dependencies": {
        "@miniflare/shared": "2.13.0",
        "undici": "5.20.0"
      },
      "engines": {
        "node": ">=16.13"
      }
    },
    "node_modules/@miniflare/runner-vm": {
      "version": "2.13.0",
      "dev": true,
      "license": "MIT",
      "dependencies": {
        "@miniflare/shared": "2.13.0"
      },
      "engines": {
        "node": ">=16.13"
      }
    },
    "node_modules/@miniflare/scheduler": {
      "version": "2.13.0",
      "dev": true,
      "license": "MIT",
      "dependencies": {
        "@miniflare/core": "2.13.0",
        "@miniflare/shared": "2.13.0",
        "cron-schedule": "^3.0.4"
      },
      "engines": {
        "node": ">=16.13"
      }
    },
    "node_modules/@miniflare/shared": {
      "version": "2.13.0",
      "dev": true,
      "license": "MIT",
      "dependencies": {
        "@types/better-sqlite3": "^7.6.0",
        "kleur": "^4.1.4",
        "npx-import": "^1.1.4",
        "picomatch": "^2.3.1"
      },
      "engines": {
        "node": ">=16.13"
      }
    },
    "node_modules/@miniflare/sites": {
      "version": "2.13.0",
      "dev": true,
      "license": "MIT",
      "dependencies": {
        "@miniflare/kv": "2.13.0",
        "@miniflare/shared": "2.13.0",
        "@miniflare/storage-file": "2.13.0"
      },
      "engines": {
        "node": ">=16.13"
      }
    },
    "node_modules/@miniflare/storage-file": {
      "version": "2.13.0",
      "dev": true,
      "license": "MIT",
      "dependencies": {
        "@miniflare/shared": "2.13.0",
        "@miniflare/storage-memory": "2.13.0"
      },
      "engines": {
        "node": ">=16.13"
      }
    },
    "node_modules/@miniflare/storage-memory": {
      "version": "2.13.0",
      "dev": true,
      "license": "MIT",
      "dependencies": {
        "@miniflare/shared": "2.13.0"
      },
      "engines": {
        "node": ">=16.13"
      }
    },
    "node_modules/@miniflare/watcher": {
      "version": "2.13.0",
      "dev": true,
      "license": "MIT",
      "dependencies": {
        "@miniflare/shared": "2.13.0"
      },
      "engines": {
        "node": ">=16.13"
      }
    },
    "node_modules/@miniflare/web-sockets": {
      "version": "2.13.0",
      "dev": true,
      "license": "MIT",
      "dependencies": {
        "@miniflare/core": "2.13.0",
        "@miniflare/shared": "2.13.0",
        "undici": "5.20.0",
        "ws": "^8.2.2"
      },
      "engines": {
        "node": ">=16.13"
      }
    },
    "node_modules/@types/better-sqlite3": {
      "version": "7.6.4",
      "dev": true,
      "license": "MIT",
      "dependencies": {
        "@types/node": "*"
      }
    },
    "node_modules/@types/node": {
      "version": "18.15.13",
      "dev": true,
      "license": "MIT"
    },
    "node_modules/@types/stack-trace": {
      "version": "0.0.29",
      "dev": true,
      "license": "MIT"
    },
    "node_modules/anymatch": {
      "version": "3.1.3",
      "dev": true,
      "license": "ISC",
      "dependencies": {
        "normalize-path": "^3.0.0",
        "picomatch": "^2.0.4"
      },
      "engines": {
        "node": ">= 8"
      }
    },
    "node_modules/binary-extensions": {
      "version": "2.2.0",
      "dev": true,
      "license": "MIT",
      "engines": {
        "node": ">=8"
      }
    },
    "node_modules/blake3-wasm": {
      "version": "2.1.5",
      "dev": true,
      "license": "MIT"
    },
    "node_modules/braces": {
      "version": "3.0.2",
      "dev": true,
      "license": "MIT",
      "dependencies": {
        "fill-range": "^7.0.1"
      },
      "engines": {
        "node": ">=8"
      }
    },
    "node_modules/buffer-from": {
      "version": "1.1.2",
      "dev": true,
      "license": "MIT"
    },
    "node_modules/builtins": {
      "version": "5.0.1",
      "dev": true,
      "license": "MIT",
      "dependencies": {
        "semver": "^7.0.0"
      }
    },
    "node_modules/busboy": {
      "version": "1.6.0",
      "dev": true,
      "dependencies": {
        "streamsearch": "^1.1.0"
      },
      "engines": {
        "node": ">=10.16.0"
      }
    },
    "node_modules/chokidar": {
      "version": "3.5.3",
      "dev": true,
      "funding": [
        {
          "type": "individual",
          "url": "https://paulmillr.com/funding/"
        }
      ],
      "license": "MIT",
      "dependencies": {
        "anymatch": "~3.1.2",
        "braces": "~3.0.2",
        "glob-parent": "~5.1.2",
        "is-binary-path": "~2.1.0",
        "is-glob": "~4.0.1",
        "normalize-path": "~3.0.0",
        "readdirp": "~3.6.0"
      },
      "engines": {
        "node": ">= 8.10.0"
      },
      "optionalDependencies": {
        "fsevents": "~2.3.2"
      }
    },
    "node_modules/cookie": {
      "version": "0.4.2",
      "dev": true,
      "license": "MIT",
      "engines": {
        "node": ">= 0.6"
      }
    },
    "node_modules/cron-schedule": {
      "version": "3.0.6",
      "dev": true,
      "license": "MIT"
    },
    "node_modules/cross-spawn": {
      "version": "7.0.3",
      "dev": true,
      "license": "MIT",
      "dependencies": {
        "path-key": "^3.1.0",
        "shebang-command": "^2.0.0",
        "which": "^2.0.1"
      },
      "engines": {
        "node": ">= 8"
      }
    },
    "node_modules/dotenv": {
      "version": "10.0.0",
      "dev": true,
      "license": "BSD-2-Clause",
      "engines": {
        "node": ">=10"
      }
    },
    "node_modules/esbuild": {
      "version": "0.16.3",
      "dev": true,
      "hasInstallScript": true,
      "license": "MIT",
      "bin": {
        "esbuild": "bin/esbuild"
      },
      "engines": {
        "node": ">=12"
      },
      "optionalDependencies": {
        "@esbuild/android-arm": "0.16.3",
        "@esbuild/android-arm64": "0.16.3",
        "@esbuild/android-x64": "0.16.3",
        "@esbuild/darwin-arm64": "0.16.3",
        "@esbuild/darwin-x64": "0.16.3",
        "@esbuild/freebsd-arm64": "0.16.3",
        "@esbuild/freebsd-x64": "0.16.3",
        "@esbuild/linux-arm": "0.16.3",
        "@esbuild/linux-arm64": "0.16.3",
        "@esbuild/linux-ia32": "0.16.3",
        "@esbuild/linux-loong64": "0.16.3",
        "@esbuild/linux-mips64el": "0.16.3",
        "@esbuild/linux-ppc64": "0.16.3",
        "@esbuild/linux-riscv64": "0.16.3",
        "@esbuild/linux-s390x": "0.16.3",
        "@esbuild/linux-x64": "0.16.3",
        "@esbuild/netbsd-x64": "0.16.3",
        "@esbuild/openbsd-x64": "0.16.3",
        "@esbuild/sunos-x64": "0.16.3",
        "@esbuild/win32-arm64": "0.16.3",
        "@esbuild/win32-ia32": "0.16.3",
        "@esbuild/win32-x64": "0.16.3"
      }
    },
    "node_modules/escape-string-regexp": {
      "version": "4.0.0",
      "dev": true,
      "license": "MIT",
      "engines": {
        "node": ">=10"
      },
      "funding": {
        "url": "https://github.com/sponsors/sindresorhus"
      }
    },
    "node_modules/estree-walker": {
      "version": "0.6.1",
      "dev": true,
      "license": "MIT"
    },
    "node_modules/execa": {
      "version": "6.1.0",
      "dev": true,
      "license": "MIT",
      "dependencies": {
        "cross-spawn": "^7.0.3",
        "get-stream": "^6.0.1",
        "human-signals": "^3.0.1",
        "is-stream": "^3.0.0",
        "merge-stream": "^2.0.0",
        "npm-run-path": "^5.1.0",
        "onetime": "^6.0.0",
        "signal-exit": "^3.0.7",
        "strip-final-newline": "^3.0.0"
      },
      "engines": {
        "node": "^12.20.0 || ^14.13.1 || >=16.0.0"
      },
      "funding": {
        "url": "https://github.com/sindresorhus/execa?sponsor=1"
      }
    },
    "node_modules/fill-range": {
      "version": "7.0.1",
      "dev": true,
      "license": "MIT",
      "dependencies": {
        "to-regex-range": "^5.0.1"
      },
      "engines": {
        "node": ">=8"
      }
    },
    "node_modules/fsevents": {
      "version": "2.3.2",
      "resolved": "https://registry.npmjs.org/fsevents/-/fsevents-2.3.2.tgz",
      "integrity": "sha512-xiqMQR4xAeHTuB9uWm+fFRcIOgKBMiOBP+eXiyT7jsgVCq1bkVygt00oASowB7EdtpOHaaPgKt812P9ab+DDKA==",
      "dev": true,
      "hasInstallScript": true,
      "optional": true,
      "os": [
        "darwin"
      ],
      "engines": {
        "node": "^8.16.0 || ^10.6.0 || >=11.0.0"
      }
    },
    "node_modules/get-stream": {
      "version": "6.0.1",
      "dev": true,
      "license": "MIT",
      "engines": {
        "node": ">=10"
      },
      "funding": {
        "url": "https://github.com/sponsors/sindresorhus"
      }
    },
    "node_modules/glob-parent": {
      "version": "5.1.2",
      "dev": true,
      "license": "ISC",
      "dependencies": {
        "is-glob": "^4.0.1"
      },
      "engines": {
        "node": ">= 6"
      }
    },
    "node_modules/html-rewriter-wasm": {
      "version": "0.4.1",
      "dev": true,
      "license": "BSD-3-Clause"
    },
    "node_modules/http-cache-semantics": {
      "version": "4.1.1",
      "dev": true,
      "license": "BSD-2-Clause"
    },
    "node_modules/human-signals": {
      "version": "3.0.1",
      "dev": true,
      "license": "Apache-2.0",
      "engines": {
        "node": ">=12.20.0"
      }
    },
    "node_modules/is-binary-path": {
      "version": "2.1.0",
      "dev": true,
      "license": "MIT",
      "dependencies": {
        "binary-extensions": "^2.0.0"
      },
      "engines": {
        "node": ">=8"
      }
    },
    "node_modules/is-extglob": {
      "version": "2.1.1",
      "dev": true,
      "license": "MIT",
      "engines": {
        "node": ">=0.10.0"
      }
    },
    "node_modules/is-glob": {
      "version": "4.0.3",
      "dev": true,
      "license": "MIT",
      "dependencies": {
        "is-extglob": "^2.1.1"
      },
      "engines": {
        "node": ">=0.10.0"
      }
    },
    "node_modules/is-number": {
      "version": "7.0.0",
      "dev": true,
      "license": "MIT",
      "engines": {
        "node": ">=0.12.0"
      }
    },
    "node_modules/is-stream": {
      "version": "3.0.0",
      "dev": true,
      "license": "MIT",
      "engines": {
        "node": "^12.20.0 || ^14.13.1 || >=16.0.0"
      },
      "funding": {
        "url": "https://github.com/sponsors/sindresorhus"
      }
    },
    "node_modules/isexe": {
      "version": "2.0.0",
      "dev": true,
      "license": "ISC"
    },
    "node_modules/kleur": {
      "version": "4.1.5",
      "dev": true,
      "license": "MIT",
      "engines": {
        "node": ">=6"
      }
    },
    "node_modules/lru-cache": {
      "version": "6.0.0",
      "dev": true,
      "license": "ISC",
      "dependencies": {
        "yallist": "^4.0.0"
      },
      "engines": {
        "node": ">=10"
      }
    },
    "node_modules/magic-string": {
      "version": "0.25.9",
      "dev": true,
      "license": "MIT",
      "dependencies": {
        "sourcemap-codec": "^1.4.8"
      }
    },
    "node_modules/merge-stream": {
      "version": "2.0.0",
      "dev": true,
      "license": "MIT"
    },
    "node_modules/mime": {
      "version": "3.0.0",
      "dev": true,
      "license": "MIT",
      "bin": {
        "mime": "cli.js"
      },
      "engines": {
        "node": ">=10.0.0"
      }
    },
    "node_modules/mimic-fn": {
      "version": "4.0.0",
      "dev": true,
      "license": "MIT",
      "engines": {
        "node": ">=12"
      },
      "funding": {
        "url": "https://github.com/sponsors/sindresorhus"
      }
    },
    "node_modules/miniflare": {
      "version": "2.13.0",
      "dev": true,
      "license": "MIT",
      "dependencies": {
        "@miniflare/cache": "2.13.0",
        "@miniflare/cli-parser": "2.13.0",
        "@miniflare/core": "2.13.0",
        "@miniflare/d1": "2.13.0",
        "@miniflare/durable-objects": "2.13.0",
        "@miniflare/html-rewriter": "2.13.0",
        "@miniflare/http-server": "2.13.0",
        "@miniflare/kv": "2.13.0",
        "@miniflare/queues": "2.13.0",
        "@miniflare/r2": "2.13.0",
        "@miniflare/runner-vm": "2.13.0",
        "@miniflare/scheduler": "2.13.0",
        "@miniflare/shared": "2.13.0",
        "@miniflare/sites": "2.13.0",
        "@miniflare/storage-file": "2.13.0",
        "@miniflare/storage-memory": "2.13.0",
        "@miniflare/web-sockets": "2.13.0",
        "kleur": "^4.1.4",
        "semiver": "^1.1.0",
        "source-map-support": "^0.5.20",
        "undici": "5.20.0"
      },
      "bin": {
        "miniflare": "bootstrap.js"
      },
      "engines": {
        "node": ">=16.13"
      },
      "peerDependencies": {
        "@miniflare/storage-redis": "2.13.0",
        "cron-schedule": "^3.0.4",
        "ioredis": "^4.27.9"
      },
      "peerDependenciesMeta": {
        "@miniflare/storage-redis": {
          "optional": true
        },
        "cron-schedule": {
          "optional": true
        },
        "ioredis": {
          "optional": true
        }
      }
    },
    "node_modules/mustache": {
      "version": "4.2.0",
      "dev": true,
      "license": "MIT",
      "bin": {
        "mustache": "bin/mustache"
      }
    },
    "node_modules/nanoid": {
      "version": "3.3.6",
      "dev": true,
      "funding": [
        {
          "type": "github",
          "url": "https://github.com/sponsors/ai"
        }
      ],
      "license": "MIT",
      "bin": {
        "nanoid": "bin/nanoid.cjs"
      },
      "engines": {
        "node": "^10 || ^12 || ^13.7 || ^14 || >=15.0.1"
      }
    },
    "node_modules/node-forge": {
      "version": "1.3.1",
      "dev": true,
      "license": "(BSD-3-Clause OR GPL-2.0)",
      "engines": {
        "node": ">= 6.13.0"
      }
    },
    "node_modules/normalize-path": {
      "version": "3.0.0",
      "dev": true,
      "license": "MIT",
      "engines": {
        "node": ">=0.10.0"
      }
    },
    "node_modules/npm-run-path": {
      "version": "5.1.0",
      "dev": true,
      "license": "MIT",
      "dependencies": {
        "path-key": "^4.0.0"
      },
      "engines": {
        "node": "^12.20.0 || ^14.13.1 || >=16.0.0"
      },
      "funding": {
        "url": "https://github.com/sponsors/sindresorhus"
      }
    },
    "node_modules/npm-run-path/node_modules/path-key": {
      "version": "4.0.0",
      "dev": true,
      "license": "MIT",
      "engines": {
        "node": ">=12"
      },
      "funding": {
        "url": "https://github.com/sponsors/sindresorhus"
      }
    },
    "node_modules/npx-import": {
      "version": "1.1.4",
      "dev": true,
      "license": "ISC",
      "dependencies": {
        "execa": "^6.1.0",
        "parse-package-name": "^1.0.0",
        "semver": "^7.3.7",
        "validate-npm-package-name": "^4.0.0"
      }
    },
    "node_modules/onetime": {
      "version": "6.0.0",
      "dev": true,
      "license": "MIT",
      "dependencies": {
        "mimic-fn": "^4.0.0"
      },
      "engines": {
        "node": ">=12"
      },
      "funding": {
        "url": "https://github.com/sponsors/sindresorhus"
      }
    },
    "node_modules/parse-package-name": {
      "version": "1.0.0",
      "dev": true,
      "license": "MIT"
    },
    "node_modules/path-key": {
      "version": "3.1.1",
      "dev": true,
      "license": "MIT",
      "engines": {
        "node": ">=8"
      }
    },
    "node_modules/path-to-regexp": {
      "version": "6.2.1",
      "dev": true,
      "license": "MIT"
    },
    "node_modules/picomatch": {
      "version": "2.3.1",
      "dev": true,
      "license": "MIT",
      "engines": {
        "node": ">=8.6"
      },
      "funding": {
        "url": "https://github.com/sponsors/jonschlinkert"
      }
    },
    "node_modules/readdirp": {
      "version": "3.6.0",
      "dev": true,
      "license": "MIT",
      "dependencies": {
        "picomatch": "^2.2.1"
      },
      "engines": {
        "node": ">=8.10.0"
      }
    },
    "node_modules/rollup-plugin-inject": {
      "version": "3.0.2",
      "dev": true,
      "license": "MIT",
      "dependencies": {
        "estree-walker": "^0.6.1",
        "magic-string": "^0.25.3",
        "rollup-pluginutils": "^2.8.1"
      }
    },
    "node_modules/rollup-plugin-node-polyfills": {
      "version": "0.2.1",
      "dev": true,
      "license": "MIT",
      "dependencies": {
        "rollup-plugin-inject": "^3.0.0"
      }
    },
    "node_modules/rollup-pluginutils": {
      "version": "2.8.2",
      "dev": true,
      "license": "MIT",
      "dependencies": {
        "estree-walker": "^0.6.1"
      }
    },
    "node_modules/selfsigned": {
      "version": "2.1.1",
      "dev": true,
      "license": "MIT",
      "dependencies": {
        "node-forge": "^1"
      },
      "engines": {
        "node": ">=10"
      }
    },
    "node_modules/semiver": {
      "version": "1.1.0",
      "dev": true,
      "license": "MIT",
      "engines": {
        "node": ">=6"
      }
    },
    "node_modules/semver": {
      "version": "7.5.0",
      "dev": true,
      "license": "ISC",
      "dependencies": {
        "lru-cache": "^6.0.0"
      },
      "bin": {
        "semver": "bin/semver.js"
      },
      "engines": {
        "node": ">=10"
      }
    },
    "node_modules/set-cookie-parser": {
      "version": "2.6.0",
      "dev": true,
      "license": "MIT"
    },
    "node_modules/shebang-command": {
      "version": "2.0.0",
      "dev": true,
      "license": "MIT",
      "dependencies": {
        "shebang-regex": "^3.0.0"
      },
      "engines": {
        "node": ">=8"
      }
    },
    "node_modules/shebang-regex": {
      "version": "3.0.0",
      "dev": true,
      "license": "MIT",
      "engines": {
        "node": ">=8"
      }
    },
    "node_modules/signal-exit": {
      "version": "3.0.7",
      "dev": true,
      "license": "ISC"
    },
    "node_modules/source-map": {
      "version": "0.7.4",
      "dev": true,
      "license": "BSD-3-Clause",
      "engines": {
        "node": ">= 8"
      }
    },
    "node_modules/source-map-support": {
      "version": "0.5.21",
      "dev": true,
      "license": "MIT",
      "dependencies": {
        "buffer-from": "^1.0.0",
        "source-map": "^0.6.0"
      }
    },
    "node_modules/source-map-support/node_modules/source-map": {
      "version": "0.6.1",
      "dev": true,
      "license": "BSD-3-Clause",
      "engines": {
        "node": ">=0.10.0"
      }
    },
    "node_modules/sourcemap-codec": {
      "version": "1.4.8",
      "dev": true,
      "license": "MIT"
    },
    "node_modules/stack-trace": {
      "version": "0.0.10",
      "dev": true,
      "license": "MIT",
      "engines": {
        "node": "*"
      }
    },
    "node_modules/streamsearch": {
      "version": "1.1.0",
      "dev": true,
      "engines": {
        "node": ">=10.0.0"
      }
    },
    "node_modules/strip-final-newline": {
      "version": "3.0.0",
      "dev": true,
      "license": "MIT",
      "engines": {
        "node": ">=12"
      },
      "funding": {
        "url": "https://github.com/sponsors/sindresorhus"
      }
    },
    "node_modules/to-regex-range": {
      "version": "5.0.1",
      "dev": true,
      "license": "MIT",
      "dependencies": {
        "is-number": "^7.0.0"
      },
      "engines": {
        "node": ">=8.0"
      }
    },
    "node_modules/undici": {
      "version": "5.20.0",
      "dev": true,
      "license": "MIT",
      "dependencies": {
        "busboy": "^1.6.0"
      },
      "engines": {
        "node": ">=12.18"
      }
    },
    "node_modules/urlpattern-polyfill": {
      "version": "4.0.3",
      "dev": true,
      "license": "MIT"
    },
    "node_modules/validate-npm-package-name": {
      "version": "4.0.0",
      "dev": true,
      "license": "ISC",
      "dependencies": {
        "builtins": "^5.0.0"
      },
      "engines": {
        "node": "^12.13.0 || ^14.15.0 || >=16.0.0"
      }
    },
    "node_modules/which": {
      "version": "2.0.2",
      "dev": true,
      "license": "ISC",
      "dependencies": {
        "isexe": "^2.0.0"
      },
      "bin": {
        "node-which": "bin/node-which"
      },
      "engines": {
        "node": ">= 8"
      }
    },
    "node_modules/wrangler": {
      "version": "2.16.0",
      "dev": true,
      "license": "MIT OR Apache-2.0",
      "dependencies": {
        "@cloudflare/kv-asset-handler": "^0.2.0",
        "@esbuild-plugins/node-globals-polyfill": "^0.1.1",
        "@esbuild-plugins/node-modules-polyfill": "^0.1.4",
        "@miniflare/core": "2.13.0",
        "@miniflare/d1": "2.13.0",
        "@miniflare/durable-objects": "2.13.0",
        "blake3-wasm": "^2.1.5",
        "chokidar": "^3.5.3",
        "esbuild": "0.16.3",
        "miniflare": "2.13.0",
        "nanoid": "^3.3.3",
        "path-to-regexp": "^6.2.0",
        "selfsigned": "^2.0.1",
        "source-map": "^0.7.4",
        "xxhash-wasm": "^1.0.1"
      },
      "bin": {
        "wrangler": "bin/wrangler.js",
        "wrangler2": "bin/wrangler.js"
      },
      "engines": {
        "node": ">=16.13.0"
      },
      "optionalDependencies": {
        "fsevents": "~2.3.2"
      }
    },
    "node_modules/ws": {
      "version": "8.13.0",
      "dev": true,
      "license": "MIT",
      "engines": {
        "node": ">=10.0.0"
      },
      "peerDependencies": {
        "bufferutil": "^4.0.1",
        "utf-8-validate": ">=5.0.2"
      },
      "peerDependenciesMeta": {
        "bufferutil": {
          "optional": true
        },
        "utf-8-validate": {
          "optional": true
        }
      }
    },
    "node_modules/xxhash-wasm": {
      "version": "1.0.2",
      "dev": true,
      "license": "MIT"
    },
    "node_modules/yallist": {
      "version": "4.0.0",
      "dev": true,
      "license": "ISC"
    },
    "node_modules/youch": {
      "version": "2.2.2",
      "dev": true,
      "license": "MIT",
      "dependencies": {
        "@types/stack-trace": "0.0.29",
        "cookie": "^0.4.1",
        "mustache": "^4.2.0",
        "stack-trace": "0.0.10"
      }
    }
  }
}
