{
  "name": "unifi-cloudflare-ddns",
  "version": "1.0.0",
  "lockfileVersion": 1,
  "requires": true,
  "dependencies": {
    "@iarna/toml": {
      "version": "2.2.5",
      "resolved": "https://registry.npmjs.org/@iarna/toml/-/toml-2.2.5.tgz",
      "integrity": "sha512-trnsAYxU3xnS1gPHPyU961coFyLkh4gAD/0zQ5mymY4yOZ+CYvsPqUbOFSw0aDM4y0tV7tiFxL/1XfXPNC6IPg==",
      "dev": true
    },
    "@miniflare/cache": {
      "version": "2.2.0",
      "resolved": "https://registry.npmjs.org/@miniflare/cache/-/cache-2.2.0.tgz",
      "integrity": "sha512-N6b4V6fp4V0ljUHWs6+wVAvT94/SUCp6+pn3wnizjnYQhDE9ns8KJHu6zOTi+OkZUezjdUDJK0dqQXIKC/23XA==",
      "dev": true,
      "requires": {
        "@miniflare/core": "2.2.0",
        "@miniflare/shared": "2.2.0",
        "http-cache-semantics": "^4.1.0",
        "undici": "4.12.1"
      }
    },
    "@miniflare/cli-parser": {
      "version": "2.2.0",
      "resolved": "https://registry.npmjs.org/@miniflare/cli-parser/-/cli-parser-2.2.0.tgz",
      "integrity": "sha512-AeP3hZOQ7/dBosCPh/iL7cwgdUi5EfHA0unGsFULaxuCwBb3RkQd5WAq4gzzgHywsFRIQ0+5/j9Mk1wHG2AkJA==",
      "dev": true,
      "requires": {
        "@miniflare/shared": "2.2.0",
        "kleur": "^4.1.4"
      }
    },
    "@miniflare/core": {
      "version": "2.2.0",
      "resolved": "https://registry.npmjs.org/@miniflare/core/-/core-2.2.0.tgz",
      "integrity": "sha512-CJwYhyXQ7si0ALZ4wB/vFAo0sHcyaMR7A8oQb6HaZ8XKhaKkzA8BmPutMvYVikiW+oRJP3YRcJGuVKibL3TSgA==",
      "dev": true,
      "requires": {
        "@iarna/toml": "^2.2.5",
        "@miniflare/shared": "2.2.0",
        "@miniflare/watcher": "2.2.0",
        "busboy": "^0.3.1",
        "dotenv": "^10.0.0",
        "kleur": "^4.1.4",
        "set-cookie-parser": "^2.4.8",
        "undici": "4.12.1"
      }
    },
    "@miniflare/durable-objects": {
      "version": "2.2.0",
      "resolved": "https://registry.npmjs.org/@miniflare/durable-objects/-/durable-objects-2.2.0.tgz",
      "integrity": "sha512-iIRritqTBiTvX5dHPYswc3a6qzi3LPilbFE2HGjHMbqHi+/C4yX9SMfxCU4/6NcXc9xWjMGtJYBk+hgOW+Mvow==",
      "dev": true,
      "requires": {
        "@miniflare/core": "2.2.0",
        "@miniflare/shared": "2.2.0",
        "@miniflare/storage-memory": "2.2.0",
        "undici": "4.12.1"
      }
    },
    "@miniflare/html-rewriter": {
      "version": "2.2.0",
      "resolved": "https://registry.npmjs.org/@miniflare/html-rewriter/-/html-rewriter-2.2.0.tgz",
      "integrity": "sha512-20qic3swy5bXg63Q96oHBKxHWp5d5GSn2HCZYXlHtODHeVbI/1lYQoD12b9EmE2i+jUZfCJjlinmjonXGyyL+A==",
      "dev": true,
      "requires": {
        "@miniflare/core": "2.2.0",
        "@miniflare/shared": "2.2.0",
        "html-rewriter-wasm": "^0.4.0",
        "undici": "4.12.1"
      }
    },
    "@miniflare/http-server": {
      "version": "2.2.0",
      "resolved": "https://registry.npmjs.org/@miniflare/http-server/-/http-server-2.2.0.tgz",
      "integrity": "sha512-nx7xEXKYvPyUpu2HFigD+UEgclipMQzGdTKtm4t6JzsOGYys7Lj7kGjryYaQVtbbJvPKIxqSaViFQDk/QSdosg==",
      "dev": true,
      "requires": {
        "@miniflare/core": "2.2.0",
        "@miniflare/shared": "2.2.0",
        "@miniflare/web-sockets": "2.2.0",
        "kleur": "^4.1.4",
        "selfsigned": "^2.0.0",
        "undici": "4.12.1",
        "ws": "^8.2.2",
        "youch": "^2.2.2"
      }
    },
    "@miniflare/kv": {
      "version": "2.2.0",
      "resolved": "https://registry.npmjs.org/@miniflare/kv/-/kv-2.2.0.tgz",
      "integrity": "sha512-x2iUskcNEX74AfDhcZDKMTchNn3hUQyxDrzuDSHOv0vWRxDctmqYh5VxZVUGiaFvrbNN2+XgkgxXNY6TxrsfNQ==",
      "dev": true,
      "requires": {
        "@miniflare/shared": "2.2.0"
      }
    },
    "@miniflare/runner-vm": {
      "version": "2.2.0",
      "resolved": "https://registry.npmjs.org/@miniflare/runner-vm/-/runner-vm-2.2.0.tgz",
      "integrity": "sha512-x58BxIsAB6LcYgqTNVfxTsKFCu4G3Xiuj1k+3ZQ4b8v8TZjuZ3iOJcsrYU0PlbW5JpnRA8IH/mkiFRb/MrLtaQ==",
      "dev": true,
      "requires": {
        "@miniflare/shared": "2.2.0"
      }
    },
    "@miniflare/scheduler": {
      "version": "2.2.0",
      "resolved": "https://registry.npmjs.org/@miniflare/scheduler/-/scheduler-2.2.0.tgz",
      "integrity": "sha512-OqfeSfxEfG3XA6D33C3dUxTUIy425n+BbZe15D2SdfvqUBeBobzOAAp0FbCQiZ5USsDY/zSIu98iSclqPxAn5w==",
      "dev": true,
      "requires": {
        "@miniflare/core": "2.2.0",
        "@miniflare/shared": "2.2.0",
        "cron-schedule": "^3.0.4"
      }
    },
    "@miniflare/shared": {
      "version": "2.2.0",
      "resolved": "https://registry.npmjs.org/@miniflare/shared/-/shared-2.2.0.tgz",
      "integrity": "sha512-ikz3nkBexVQ16Ioi6naAzK6Spj5O7lUcqIihMLCQKTAAdC252EL0QrBRxHV9MlvkypVNj6MqkoL4E6HcyuCo6g==",
      "dev": true,
      "requires": {
        "ignore": "^5.1.8",
        "kleur": "^4.1.4"
      }
    },
    "@miniflare/sites": {
      "version": "2.2.0",
      "resolved": "https://registry.npmjs.org/@miniflare/sites/-/sites-2.2.0.tgz",
      "integrity": "sha512-UpD5xGqEnwHZ0slvAp+8N60LX1WezXTZVLI599KGIXuthEVkRLgk8PwujabmHisicDoyC3nxITeDExq0DY9G/w==",
      "dev": true,
      "requires": {
        "@miniflare/kv": "2.2.0",
        "@miniflare/shared": "2.2.0",
        "@miniflare/storage-file": "2.2.0"
      }
    },
    "@miniflare/storage-file": {
      "version": "2.2.0",
      "resolved": "https://registry.npmjs.org/@miniflare/storage-file/-/storage-file-2.2.0.tgz",
      "integrity": "sha512-DzBbUmPadDw+nAG31Yn60d1Jg6ksHmXasfnd1g7Whe/D0leFRAsvcEJyVaojzlnuxTabtZAsLMoUjsofvnThzA==",
      "dev": true,
      "requires": {
        "@miniflare/shared": "2.2.0",
        "@miniflare/storage-memory": "2.2.0"
      }
    },
    "@miniflare/storage-memory": {
      "version": "2.2.0",
      "resolved": "https://registry.npmjs.org/@miniflare/storage-memory/-/storage-memory-2.2.0.tgz",
      "integrity": "sha512-1Ze2ZGwRFzH+6lLu6hZMTwGYTNioIT07QXvz3ZS/ilpg++cWUtqy2yHnajdJgcnNDNNQ4iVGladC2GNezrLbHg==",
      "dev": true,
      "requires": {
        "@miniflare/shared": "2.2.0"
      }
    },
    "@miniflare/watcher": {
      "version": "2.2.0",
      "resolved": "https://registry.npmjs.org/@miniflare/watcher/-/watcher-2.2.0.tgz",
      "integrity": "sha512-Myaztj1QaL1IaB04uBLKY8hE1kFtvB65cnKdJPOgjFxIgFzNyqybjlBjxx01Q6vymboFTPrl1Q5+g7fsW3lmfQ==",
      "dev": true,
      "requires": {
        "@miniflare/shared": "2.2.0"
      }
    },
    "@miniflare/web-sockets": {
      "version": "2.2.0",
      "resolved": "https://registry.npmjs.org/@miniflare/web-sockets/-/web-sockets-2.2.0.tgz",
      "integrity": "sha512-/GHYuTq6m28udequw4E8IpcFmcEheAcVQ3oZyAvY0ub0by8v4WzYuougiizqYylyQZ0KXyLg8SmPeBNChe82Zw==",
      "dev": true,
      "requires": {
        "@miniflare/core": "2.2.0",
        "@miniflare/shared": "2.2.0",
        "undici": "4.12.1",
        "ws": "^8.2.2"
      }
    },
    "@types/stack-trace": {
      "version": "0.0.29",
      "resolved": "https://registry.npmjs.org/@types/stack-trace/-/stack-trace-0.0.29.tgz",
      "integrity": "sha512-TgfOX+mGY/NyNxJLIbDWrO9DjGoVSW9+aB8H2yy1fy32jsvxijhmyJI9fDFgvz3YP4lvJaq9DzdR/M1bOgVc9g==",
      "dev": true
    },
    "buffer-from": {
      "version": "1.1.1",
      "resolved": "https://registry.npmjs.org/buffer-from/-/buffer-from-1.1.1.tgz",
      "integrity": "sha512-MQcXEUbCKtEo7bhqEs6560Hyd4XaovZlO/k9V3hjVUF/zwW7KBVdSK4gIt/bzwS9MbR5qob+F5jusZsb0YQK2A==",
      "dev": true
    },
    "busboy": {
      "version": "0.3.1",
      "resolved": "https://registry.npmjs.org/busboy/-/busboy-0.3.1.tgz",
      "integrity": "sha512-y7tTxhGKXcyBxRKAni+awqx8uqaJKrSFSNFSeRG5CsWNdmy2BIK+6VGWEW7TZnIO/533mtMEA4rOevQV815YJw==",
      "dev": true,
      "requires": {
        "dicer": "0.3.0"
      }
    },
    "cookie": {
      "version": "0.4.1",
      "resolved": "https://registry.npmjs.org/cookie/-/cookie-0.4.1.tgz",
      "integrity": "sha512-ZwrFkGJxUR3EIoXtO+yVE69Eb7KlixbaeAWfBQB9vVsNn/o+Yw69gBWSSDK825hQNdN+wF8zELf3dFNl/kxkUA==",
      "dev": true
    },
    "cron-schedule": {
      "version": "3.0.4",
      "resolved": "https://registry.npmjs.org/cron-schedule/-/cron-schedule-3.0.4.tgz",
      "integrity": "sha512-wEspID2dNPfWyh7t2ZvE4Izunzk20QacZg8oZcqfTrN1j5kImj0CEYT3ZGZo+KqGQUgRc9tKlEJmY4uFVt4ccA==",
      "dev": true
    },
    "dicer": {
      "version": "0.3.0",
      "resolved": "https://registry.npmjs.org/dicer/-/dicer-0.3.0.tgz",
      "integrity": "sha512-MdceRRWqltEG2dZqO769g27N/3PXfcKl04VhYnBlo2YhH7zPi88VebsjTKclaOyiuMaGU72hTfw3VkUitGcVCA==",
      "dev": true,
      "requires": {
        "streamsearch": "0.1.2"
      }
    },
    "dotenv": {
      "version": "10.0.0",
      "resolved": "https://registry.npmjs.org/dotenv/-/dotenv-10.0.0.tgz",
      "integrity": "sha512-rlBi9d8jpv9Sf1klPjNfFAuWDjKLwTIJJ/VxtoTwIR6hnZxcEOQCZg2oIL3MWBYw5GpUDKOEnND7LXTbIpQ03Q==",
      "dev": true
    },
    "html-rewriter-wasm": {
      "version": "0.4.0",
      "resolved": "https://registry.npmjs.org/html-rewriter-wasm/-/html-rewriter-wasm-0.4.0.tgz",
      "integrity": "sha512-x3keWzQCFIXTEIuBsF9oDcxg64ZuufuJRDimkTYGB9jwayLCB9KZ8ENsfDdTtUr+G47Gt07g0s10yCjZw2KtXg==",
      "dev": true
    },
    "http-cache-semantics": {
      "version": "4.1.0",
      "resolved": "https://registry.npmjs.org/http-cache-semantics/-/http-cache-semantics-4.1.0.tgz",
      "integrity": "sha512-carPklcUh7ROWRK7Cv27RPtdhYhUsela/ue5/jKzjegVvXDqM2ILE9Q2BGn9JZJh1g87cp56su/FgQSzcWS8cQ==",
      "dev": true
    },
    "ignore": {
      "version": "5.2.0",
      "resolved": "https://registry.npmjs.org/ignore/-/ignore-5.2.0.tgz",
      "integrity": "sha512-CmxgYGiEPCLhfLnpPp1MoRmifwEIOgjcHXxOBjv7mY96c+eWScsOP9c112ZyLdWHi0FxHjI+4uVhKYp/gcdRmQ==",
      "dev": true
    },
    "kleur": {
      "version": "4.1.4",
      "resolved": "https://registry.npmjs.org/kleur/-/kleur-4.1.4.tgz",
      "integrity": "sha512-8QADVssbrFjivHWQU7KkMgptGTl6WAcSdlbBPY4uNF+mWr6DGcKrvY2w4FQJoXch7+fKMjj0dRrL75vk3k23OA==",
      "dev": true
    },
    "miniflare": {
      "version": "2.2.0",
      "resolved": "https://registry.npmjs.org/miniflare/-/miniflare-2.2.0.tgz",
      "integrity": "sha512-azOKDz9RfyWfDZY4u1k+GaaRuBApfgrRoz99sK/U7ngm0pxL0YRNuHPFSHwezAxw1Oz+KQpwtPClCE0zs7Rqgg==",
      "dev": true,
      "requires": {
        "@miniflare/cache": "2.2.0",
        "@miniflare/cli-parser": "2.2.0",
        "@miniflare/core": "2.2.0",
        "@miniflare/durable-objects": "2.2.0",
        "@miniflare/html-rewriter": "2.2.0",
        "@miniflare/http-server": "2.2.0",
        "@miniflare/kv": "2.2.0",
        "@miniflare/runner-vm": "2.2.0",
        "@miniflare/scheduler": "2.2.0",
        "@miniflare/shared": "2.2.0",
        "@miniflare/sites": "2.2.0",
        "@miniflare/storage-file": "2.2.0",
        "@miniflare/storage-memory": "2.2.0",
        "@miniflare/web-sockets": "2.2.0",
        "kleur": "^4.1.4",
        "semiver": "^1.1.0",
        "source-map-support": "^0.5.20",
        "undici": "4.12.1"
      },
      "dependencies": {
        "source-map": {
          "version": "0.6.1",
          "resolved": "https://registry.npmjs.org/source-map/-/source-map-0.6.1.tgz",
          "integrity": "sha512-UjgapumWlbMhkBgzT7Ykc5YXUT46F0iKu8SGXq0bcwP5dz/h0Plj6enJqjz1Zbq2l5WaqYnrVbwWOWMyF3F47g==",
          "dev": true
        },
        "source-map-support": {
          "version": "0.5.21",
          "resolved": "https://registry.npmjs.org/source-map-support/-/source-map-support-0.5.21.tgz",
          "integrity": "sha512-uBHU3L3czsIyYXKX88fdrGovxdSCoTGDRZ6SYXtSRxLZUzHg5P/66Ht6uoUlHu9EZod+inXhKo3qQgwXUT/y1w==",
          "dev": true,
          "requires": {
            "buffer-from": "^1.0.0",
            "source-map": "^0.6.0"
          }
        }
      }
    },
    "mustache": {
      "version": "4.2.0",
      "resolved": "https://registry.npmjs.org/mustache/-/mustache-4.2.0.tgz",
      "integrity": "sha512-71ippSywq5Yb7/tVYyGbkBggbU8H3u5Rz56fH60jGFgr8uHwxs+aSKeqmluIVzM0m0kB7xQjKS6qPfd0b2ZoqQ==",
      "dev": true
    },
    "node": {
      "version": "17.4.0",
      "resolved": "https://registry.npmjs.org/node/-/node-17.4.0.tgz",
      "integrity": "sha512-/kPlbyQjDJa9NEOPmKSTmHOxgq+7wAMWNdU+8B9cXseQXTaF3xYAiYc9dCh3fDUxnrLR/DIqiYEQ85ICqSya8A==",
      "dev": true,
      "requires": {
        "node-bin-setup": "^1.0.0"
      }
    },
    "node-bin-setup": {
      "version": "1.1.0",
      "resolved": "https://registry.npmjs.org/node-bin-setup/-/node-bin-setup-1.1.0.tgz",
      "integrity": "sha512-pTeU6NgUrexiLNtd+AKwvg6cngHMvj5FZ5e2bbv2ogBSIc9yhkXSSaTScfSRZnwHIh5YFmYSYlemLWkiKD7rog==",
      "dev": true
    },
    "node-forge": {
      "version": "1.2.1",
      "resolved": "https://registry.npmjs.org/node-forge/-/node-forge-1.2.1.tgz",
      "integrity": "sha512-Fcvtbb+zBcZXbTTVwqGA5W+MKBj56UjVRevvchv5XrcyXbmNdesfZL37nlcWOfpgHhgmxApw3tQbTr4CqNmX4w==",
      "dev": true
    },
    "selfsigned": {
      "version": "2.0.0",
      "resolved": "https://registry.npmjs.org/selfsigned/-/selfsigned-2.0.0.tgz",
      "integrity": "sha512-cUdFiCbKoa1mZ6osuJs2uDHrs0k0oprsKveFiiaBKCNq3SYyb5gs2HxhQyDNLCmL51ZZThqi4YNDpCK6GOP1iQ==",
      "dev": true,
      "requires": {
        "node-forge": "^1.2.0"
      }
    },
    "semiver": {
      "version": "1.1.0",
      "resolved": "https://registry.npmjs.org/semiver/-/semiver-1.1.0.tgz",
      "integrity": "sha512-QNI2ChmuioGC1/xjyYwyZYADILWyW6AmS1UH6gDj/SFUUUS4MBAWs/7mxnkRPc/F4iHezDP+O8t0dO8WHiEOdg==",
      "dev": true
    },
    "set-cookie-parser": {
      "version": "2.4.8",
      "resolved": "https://registry.npmjs.org/set-cookie-parser/-/set-cookie-parser-2.4.8.tgz",
      "integrity": "sha512-edRH8mBKEWNVIVMKejNnuJxleqYE/ZSdcT8/Nem9/mmosx12pctd80s2Oy00KNZzrogMZS5mauK2/ymL1bvlvg==",
      "dev": true
    },
    "stack-trace": {
      "version": "0.0.10",
      "resolved": "https://registry.npmjs.org/stack-trace/-/stack-trace-0.0.10.tgz",
      "integrity": "sha1-VHxws0fo0ytOEI6hoqFZ5f3eGcA=",
      "dev": true
    },
    "streamsearch": {
      "version": "0.1.2",
      "resolved": "https://registry.npmjs.org/streamsearch/-/streamsearch-0.1.2.tgz",
      "integrity": "sha1-gIudDlb8Jz2Am6VzOOkpkZoanxo=",
      "dev": true
    },
    "undici": {
      "version": "4.12.1",
      "resolved": "https://registry.npmjs.org/undici/-/undici-4.12.1.tgz",
      "integrity": "sha512-MSfap7YiQJqTPP12C11PFRs9raZuVicDbwsZHTjB0a8+SsCqt7KdUis54f373yf7ZFhJzAkGJLaKm0202OIxHg==",
      "dev": true
    },
    "ws": {
      "version": "8.4.2",
      "resolved": "https://registry.npmjs.org/ws/-/ws-8.4.2.tgz",
      "integrity": "sha512-Kbk4Nxyq7/ZWqr/tarI9yIt/+iNNFOjBXEWgTb4ydaNHBNGgvf2QHbS9fdfsndfjFlFwEd4Al+mw83YkaD10ZA==",
      "dev": true
    },
    "youch": {
      "version": "2.2.2",
      "resolved": "https://registry.npmjs.org/youch/-/youch-2.2.2.tgz",
      "integrity": "sha512-/FaCeG3GkuJwaMR34GHVg0l8jCbafZLHiFowSjqLlqhC6OMyf2tPJBu8UirF7/NI9X/R5ai4QfEKUCOxMAGxZQ==",
      "dev": true,
      "requires": {
        "@types/stack-trace": "0.0.29",
        "cookie": "^0.4.1",
        "mustache": "^4.2.0",
        "stack-trace": "0.0.10"
      }
    }
  }
}
